
Microsoft Visual Studio Solution File, Format Version 12.00
# Visual Studio Version 17
VisualStudioVersion = 17.5.33424.131
MinimumVisualStudioVersion = 10.0.40219.1
Project("{FAE04EC0-301F-11D3-BF4B-00C04F79EFBC}") = "ShapesLib", "ShapesLib\ShapesLib.csproj", "{D7879C00-1C09-4527-B885-1F05D1214BC3}"
EndProject
Project("{FAE04EC0-301F-11D3-BF4B-00C04F79EFBC}") = "UnitTest", "UnitTest\UnitTest.csproj", "{0282B48E-CC4A-4E33-B84E-6B72DC5AE6B3}"
	ProjectSection(ProjectDependencies) = postProject
		{D7879C00-1C09-4527-B885-1F05D1214BC3} = {D7879C00-1C09-4527-B885-1F05D1214BC3}
	EndProjectSection
EndProject
Global
	GlobalSection(SolutionConfigurationPlatforms) = preSolution
		Debug|Any CPU = Debug|Any CPU
		Release|Any CPU = Release|Any CPU
	EndGlobalSection
	GlobalSection(ProjectConfigurationPlatforms) = postSolution
		{D7879C00-1C09-4527-B885-1F05D1214BC3}.Debug|Any CPU.ActiveCfg = Debug|Any CPU
		{D7879C00-1C09-4527-B885-1F05D1214BC3}.Debug|Any CPU.Build.0 = Debug|Any CPU
		{D7879C00-1C09-4527-B885-1F05D1214BC3}.Release|Any CPU.ActiveCfg = Release|Any CPU
		{D7879C00-1C09-4527-B885-1F05D1214BC3}.Release|Any CPU.Build.0 = Release|Any CPU
		{0282B48E-CC4A-4E33-B84E-6B72DC5AE6B3}.Debug|Any CPU.ActiveCfg = Debug|Any CPU
		{0282B48E-CC4A-4E33-B84E-6B72DC5AE6B3}.Debug|Any CPU.Build.0 = Debug|Any CPU
		{0282B48E-CC4A-4E33-B84E-6B72DC5AE6B3}.Release|Any CPU.ActiveCfg = Release|Any CPU
		{0282B48E-CC4A-4E33-B84E-6B72DC5AE6B3}.Release|Any CPU.Build.0 = Release|Any CPU
	EndGlobalSection
	GlobalSection(SolutionProperties) = preSolution
		HideSolutionNode = FALSE
	EndGlobalSection
	GlobalSection(ExtensibilityGlobals) = postSolution
		SolutionGuid = {486DB710-2B34-4B41-B5F2-EC6A85F2DC59}
	EndGlobalSection
EndGlobal
